// !$*UTF8*$!
{
	archiveVersion = 1;
	classes = {
	};
	objectVersion = 51;
	objects = {

/* Begin PBXBuildFile section */
		22BE1CFD7BE001B723AD69DE /* Pods_XLaunches_XLaunchesUITests.framework in Frameworks */ = {isa = PBXBuildFile; fileRef = 1698CEF0AEB23BD30B43950D /* Pods_XLaunches_XLaunchesUITests.framework */; };
		516EC6A2470689796258C00C /* Pods_XLaunchesTests.framework in Frameworks */ = {isa = PBXBuildFile; fileRef = 1379A6850346B6F0A93ECDD5 /* Pods_XLaunchesTests.framework */; };
		75F2787E2A9EE1765C347420 /* Pods_XLaunches.framework in Frameworks */ = {isa = PBXBuildFile; fileRef = 254DC1895980CE0605D34197 /* Pods_XLaunches.framework */; };
		B6591D38261A548700A7D3F0 /* AppDelegate.swift in Sources */ = {isa = PBXBuildFile; fileRef = B6591D37261A548700A7D3F0 /* AppDelegate.swift */; };
		B6591D3A261A548700A7D3F0 /* SceneDelegate.swift in Sources */ = {isa = PBXBuildFile; fileRef = B6591D39261A548700A7D3F0 /* SceneDelegate.swift */; };
		B6591D3C261A548700A7D3F0 /* LaunchesViewController.swift in Sources */ = {isa = PBXBuildFile; fileRef = B6591D3B261A548700A7D3F0 /* LaunchesViewController.swift */; };
		B6591D3F261A548700A7D3F0 /* Main.storyboard in Resources */ = {isa = PBXBuildFile; fileRef = B6591D3D261A548700A7D3F0 /* Main.storyboard */; };
		B6591D41261A548900A7D3F0 /* Assets.xcassets in Resources */ = {isa = PBXBuildFile; fileRef = B6591D40261A548900A7D3F0 /* Assets.xcassets */; };
		B6591D44261A548900A7D3F0 /* LaunchScreen.storyboard in Resources */ = {isa = PBXBuildFile; fileRef = B6591D42261A548900A7D3F0 /* LaunchScreen.storyboard */; };
		B6591D4F261A548A00A7D3F0 /* XLaunchesTests.swift in Sources */ = {isa = PBXBuildFile; fileRef = B6591D4E261A548A00A7D3F0 /* XLaunchesTests.swift */; };
		B6591D5A261A548A00A7D3F0 /* XLaunchesUITests.swift in Sources */ = {isa = PBXBuildFile; fileRef = B6591D59261A548A00A7D3F0 /* XLaunchesUITests.swift */; };
		B6591D8A261A5C3E00A7D3F0 /* LaunchesTableViewCell.swift in Sources */ = {isa = PBXBuildFile; fileRef = B6591D89261A5C3E00A7D3F0 /* LaunchesTableViewCell.swift */; };
		B6591D8F261A5D2900A7D3F0 /* LaunchModel.swift in Sources */ = {isa = PBXBuildFile; fileRef = B6591D8E261A5D2900A7D3F0 /* LaunchModel.swift */; };
		B6591D94261A5D4A00A7D3F0 /* RocketModel.swift in Sources */ = {isa = PBXBuildFile; fileRef = B6591D93261A5D4A00A7D3F0 /* RocketModel.swift */; };
		B6591D99261A5D9900A7D3F0 /* LaunchViewModel.swift in Sources */ = {isa = PBXBuildFile; fileRef = B6591D98261A5D9900A7D3F0 /* LaunchViewModel.swift */; };
		B6591DA2261A5EC700A7D3F0 /* UIImageView+Extension.swift in Sources */ = {isa = PBXBuildFile; fileRef = B6591DA1261A5EC700A7D3F0 /* UIImageView+Extension.swift */; };
		B6591DA7261A5FC400A7D3F0 /* LaunchService.swift in Sources */ = {isa = PBXBuildFile; fileRef = B6591DA6261A5FC400A7D3F0 /* LaunchService.swift */; };
		B6591DAC261A61CF00A7D3F0 /* LaunchesTableViewModel.swift in Sources */ = {isa = PBXBuildFile; fileRef = B6591DAB261A61CF00A7D3F0 /* LaunchesTableViewModel.swift */; };
		B6591DB1261A632900A7D3F0 /* RocketViewController.swift in Sources */ = {isa = PBXBuildFile; fileRef = B6591DB0261A632900A7D3F0 /* RocketViewController.swift */; };
		B6591DB6261A67DA00A7D3F0 /* RocketViewModel.swift in Sources */ = {isa = PBXBuildFile; fileRef = B6591DB5261A67DA00A7D3F0 /* RocketViewModel.swift */; };
		B6591DBB261A681500A7D3F0 /* RocketService.swift in Sources */ = {isa = PBXBuildFile; fileRef = B6591DBA261A681500A7D3F0 /* RocketService.swift */; };
		B6591DC0261A685200A7D3F0 /* Observable+Extension.swift in Sources */ = {isa = PBXBuildFile; fileRef = B6591DBF261A685200A7D3F0 /* Observable+Extension.swift */; };
		B6591DC5261A6BE900A7D3F0 /* String+Extension.swift in Sources */ = {isa = PBXBuildFile; fileRef = B6591DC4261A6BE900A7D3F0 /* String+Extension.swift */; };
		B6591DCA261A70C300A7D3F0 /* Date+Extension.swift in Sources */ = {isa = PBXBuildFile; fileRef = B6591DC9261A70C300A7D3F0 /* Date+Extension.swift */; };
/* End PBXBuildFile section */

/* Begin PBXContainerItemProxy section */
		B6591D4B261A548A00A7D3F0 /* PBXContainerItemProxy */ = {
			isa = PBXContainerItemProxy;
			containerPortal = B6591D2C261A548700A7D3F0 /* Project object */;
			proxyType = 1;
			remoteGlobalIDString = B6591D33261A548700A7D3F0;
			remoteInfo = XLaunches;
		};
		B6591D56261A548A00A7D3F0 /* PBXContainerItemProxy */ = {
			isa = PBXContainerItemProxy;
			containerPortal = B6591D2C261A548700A7D3F0 /* Project object */;
			proxyType = 1;
			remoteGlobalIDString = B6591D33261A548700A7D3F0;
			remoteInfo = XLaunches;
		};
/* End PBXContainerItemProxy section */

/* Begin PBXFileReference section */
		1379A6850346B6F0A93ECDD5 /* Pods_XLaunchesTests.framework */ = {isa = PBXFileReference; explicitFileType = wrapper.framework; includeInIndex = 0; path = Pods_XLaunchesTests.framework; sourceTree = BUILT_PRODUCTS_DIR; };
		1698CEF0AEB23BD30B43950D /* Pods_XLaunches_XLaunchesUITests.framework */ = {isa = PBXFileReference; explicitFileType = wrapper.framework; includeInIndex = 0; path = Pods_XLaunches_XLaunchesUITests.framework; sourceTree = BUILT_PRODUCTS_DIR; };
		23F6EF20E63DDC55E7494282 /* Pods-XLaunches-XLaunchesUITests.release.xcconfig */ = {isa = PBXFileReference; includeInIndex = 1; lastKnownFileType = text.xcconfig; name = "Pods-XLaunches-XLaunchesUITests.release.xcconfig"; path = "Target Support Files/Pods-XLaunches-XLaunchesUITests/Pods-XLaunches-XLaunchesUITests.release.xcconfig"; sourceTree = "<group>"; };
		254DC1895980CE0605D34197 /* Pods_XLaunches.framework */ = {isa = PBXFileReference; explicitFileType = wrapper.framework; includeInIndex = 0; path = Pods_XLaunches.framework; sourceTree = BUILT_PRODUCTS_DIR; };
		5D3A2B624F15B57FE8BAC555 /* Pods-XLaunches-XLaunchesUITests.debug.xcconfig */ = {isa = PBXFileReference; includeInIndex = 1; lastKnownFileType = text.xcconfig; name = "Pods-XLaunches-XLaunchesUITests.debug.xcconfig"; path = "Target Support Files/Pods-XLaunches-XLaunchesUITests/Pods-XLaunches-XLaunchesUITests.debug.xcconfig"; sourceTree = "<group>"; };
		9730DDE7D42EB31458CF7A1A /* Pods-XLaunches.release.xcconfig */ = {isa = PBXFileReference; includeInIndex = 1; lastKnownFileType = text.xcconfig; name = "Pods-XLaunches.release.xcconfig"; path = "Target Support Files/Pods-XLaunches/Pods-XLaunches.release.xcconfig"; sourceTree = "<group>"; };
		A226F3ECE151BDD07DBD122C /* Pods-XLaunchesTests.release.xcconfig */ = {isa = PBXFileReference; includeInIndex = 1; lastKnownFileType = text.xcconfig; name = "Pods-XLaunchesTests.release.xcconfig"; path = "Target Support Files/Pods-XLaunchesTests/Pods-XLaunchesTests.release.xcconfig"; sourceTree = "<group>"; };
		A54D71FE7DFD4A2A427285CA /* Pods-XLaunchesTests.debug.xcconfig */ = {isa = PBXFileReference; includeInIndex = 1; lastKnownFileType = text.xcconfig; name = "Pods-XLaunchesTests.debug.xcconfig"; path = "Target Support Files/Pods-XLaunchesTests/Pods-XLaunchesTests.debug.xcconfig"; sourceTree = "<group>"; };
		B6591D34261A548700A7D3F0 /* XLaunches.app */ = {isa = PBXFileReference; explicitFileType = wrapper.application; includeInIndex = 0; path = XLaunches.app; sourceTree = BUILT_PRODUCTS_DIR; };
		B6591D37261A548700A7D3F0 /* AppDelegate.swift */ = {isa = PBXFileReference; lastKnownFileType = sourcecode.swift; path = AppDelegate.swift; sourceTree = "<group>"; };
		B6591D39261A548700A7D3F0 /* SceneDelegate.swift */ = {isa = PBXFileReference; lastKnownFileType = sourcecode.swift; path = SceneDelegate.swift; sourceTree = "<group>"; };
		B6591D3B261A548700A7D3F0 /* LaunchesViewController.swift */ = {isa = PBXFileReference; lastKnownFileType = sourcecode.swift; path = LaunchesViewController.swift; sourceTree = "<group>"; };
		B6591D3E261A548700A7D3F0 /* Base */ = {isa = PBXFileReference; lastKnownFileType = file.storyboard; name = Base; path = Base.lproj/Main.storyboard; sourceTree = "<group>"; };
		B6591D40261A548900A7D3F0 /* Assets.xcassets */ = {isa = PBXFileReference; lastKnownFileType = folder.assetcatalog; path = Assets.xcassets; sourceTree = "<group>"; };
		B6591D43261A548900A7D3F0 /* Base */ = {isa = PBXFileReference; lastKnownFileType = file.storyboard; name = Base; path = Base.lproj/LaunchScreen.storyboard; sourceTree = "<group>"; };
		B6591D45261A548900A7D3F0 /* Info.plist */ = {isa = PBXFileReference; lastKnownFileType = text.plist.xml; path = Info.plist; sourceTree = "<group>"; };
		B6591D4A261A548A00A7D3F0 /* XLaunchesTests.xctest */ = {isa = PBXFileReference; explicitFileType = wrapper.cfbundle; includeInIndex = 0; path = XLaunchesTests.xctest; sourceTree = BUILT_PRODUCTS_DIR; };
		B6591D4E261A548A00A7D3F0 /* XLaunchesTests.swift */ = {isa = PBXFileReference; lastKnownFileType = sourcecode.swift; path = XLaunchesTests.swift; sourceTree = "<group>"; };
		B6591D50261A548A00A7D3F0 /* Info.plist */ = {isa = PBXFileReference; lastKnownFileType = text.plist.xml; path = Info.plist; sourceTree = "<group>"; };
		B6591D55261A548A00A7D3F0 /* XLaunchesUITests.xctest */ = {isa = PBXFileReference; explicitFileType = wrapper.cfbundle; includeInIndex = 0; path = XLaunchesUITests.xctest; sourceTree = BUILT_PRODUCTS_DIR; };
		B6591D59261A548A00A7D3F0 /* XLaunchesUITests.swift */ = {isa = PBXFileReference; lastKnownFileType = sourcecode.swift; path = XLaunchesUITests.swift; sourceTree = "<group>"; };
		B6591D5B261A548A00A7D3F0 /* Info.plist */ = {isa = PBXFileReference; lastKnownFileType = text.plist.xml; path = Info.plist; sourceTree = "<group>"; };
		B6591D89261A5C3E00A7D3F0 /* LaunchesTableViewCell.swift */ = {isa = PBXFileReference; lastKnownFileType = sourcecode.swift; path = LaunchesTableViewCell.swift; sourceTree = "<group>"; };
		B6591D8E261A5D2900A7D3F0 /* LaunchModel.swift */ = {isa = PBXFileReference; lastKnownFileType = sourcecode.swift; path = LaunchModel.swift; sourceTree = "<group>"; };
		B6591D93261A5D4A00A7D3F0 /* RocketModel.swift */ = {isa = PBXFileReference; lastKnownFileType = sourcecode.swift; path = RocketModel.swift; sourceTree = "<group>"; };
		B6591D98261A5D9900A7D3F0 /* LaunchViewModel.swift */ = {isa = PBXFileReference; lastKnownFileType = sourcecode.swift; path = LaunchViewModel.swift; sourceTree = "<group>"; };
		B6591DA1261A5EC700A7D3F0 /* UIImageView+Extension.swift */ = {isa = PBXFileReference; lastKnownFileType = sourcecode.swift; path = "UIImageView+Extension.swift"; sourceTree = "<group>"; };
		B6591DA6261A5FC400A7D3F0 /* LaunchService.swift */ = {isa = PBXFileReference; lastKnownFileType = sourcecode.swift; path = LaunchService.swift; sourceTree = "<group>"; };
		B6591DAB261A61CF00A7D3F0 /* LaunchesTableViewModel.swift */ = {isa = PBXFileReference; lastKnownFileType = sourcecode.swift; path = LaunchesTableViewModel.swift; sourceTree = "<group>"; };
		B6591DB0261A632900A7D3F0 /* RocketViewController.swift */ = {isa = PBXFileReference; lastKnownFileType = sourcecode.swift; path = RocketViewController.swift; sourceTree = "<group>"; };
		B6591DB5261A67DA00A7D3F0 /* RocketViewModel.swift */ = {isa = PBXFileReference; lastKnownFileType = sourcecode.swift; path = RocketViewModel.swift; sourceTree = "<group>"; };
		B6591DBA261A681500A7D3F0 /* RocketService.swift */ = {isa = PBXFileReference; lastKnownFileType = sourcecode.swift; path = RocketService.swift; sourceTree = "<group>"; };
		B6591DBF261A685200A7D3F0 /* Observable+Extension.swift */ = {isa = PBXFileReference; lastKnownFileType = sourcecode.swift; path = "Observable+Extension.swift"; sourceTree = "<group>"; };
		B6591DC4261A6BE900A7D3F0 /* String+Extension.swift */ = {isa = PBXFileReference; lastKnownFileType = sourcecode.swift; path = "String+Extension.swift"; sourceTree = "<group>"; };
		B6591DC9261A70C300A7D3F0 /* Date+Extension.swift */ = {isa = PBXFileReference; lastKnownFileType = sourcecode.swift; path = "Date+Extension.swift"; sourceTree = "<group>"; };
		F0E0ACECA2B95EED79573104 /* Pods-XLaunches.debug.xcconfig */ = {isa = PBXFileReference; includeInIndex = 1; lastKnownFileType = text.xcconfig; name = "Pods-XLaunches.debug.xcconfig"; path = "Target Support Files/Pods-XLaunches/Pods-XLaunches.debug.xcconfig"; sourceTree = "<group>"; };
/* End PBXFileReference section */

/* Begin PBXFrameworksBuildPhase section */
		B6591D31261A548700A7D3F0 /* Frameworks */ = {
			isa = PBXFrameworksBuildPhase;
			buildActionMask = 2147483647;
			files = (
				75F2787E2A9EE1765C347420 /* Pods_XLaunches.framework in Frameworks */,
			);
			runOnlyForDeploymentPostprocessing = 0;
		};
		B6591D47261A548A00A7D3F0 /* Frameworks */ = {
			isa = PBXFrameworksBuildPhase;
			buildActionMask = 2147483647;
			files = (
				516EC6A2470689796258C00C /* Pods_XLaunchesTests.framework in Frameworks */,
			);
			runOnlyForDeploymentPostprocessing = 0;
		};
		B6591D52261A548A00A7D3F0 /* Frameworks */ = {
			isa = PBXFrameworksBuildPhase;
			buildActionMask = 2147483647;
			files = (
				22BE1CFD7BE001B723AD69DE /* Pods_XLaunches_XLaunchesUITests.framework in Frameworks */,
			);
			runOnlyForDeploymentPostprocessing = 0;
		};
/* End PBXFrameworksBuildPhase section */

/* Begin PBXGroup section */
		336D52B0FED3D6A0661D50E3 /* Pods */ = {
			isa = PBXGroup;
			children = (
				F0E0ACECA2B95EED79573104 /* Pods-XLaunches.debug.xcconfig */,
				9730DDE7D42EB31458CF7A1A /* Pods-XLaunches.release.xcconfig */,
				5D3A2B624F15B57FE8BAC555 /* Pods-XLaunches-XLaunchesUITests.debug.xcconfig */,
				23F6EF20E63DDC55E7494282 /* Pods-XLaunches-XLaunchesUITests.release.xcconfig */,
				A54D71FE7DFD4A2A427285CA /* Pods-XLaunchesTests.debug.xcconfig */,
				A226F3ECE151BDD07DBD122C /* Pods-XLaunchesTests.release.xcconfig */,
			);
			path = Pods;
			sourceTree = "<group>";
		};
		9887436A5B2F3ACA6AB25E45 /* Frameworks */ = {
			isa = PBXGroup;
			children = (
				254DC1895980CE0605D34197 /* Pods_XLaunches.framework */,
				1698CEF0AEB23BD30B43950D /* Pods_XLaunches_XLaunchesUITests.framework */,
				1379A6850346B6F0A93ECDD5 /* Pods_XLaunchesTests.framework */,
			);
			name = Frameworks;
			sourceTree = "<group>";
		};
		B6591D2B261A548700A7D3F0 = {
			isa = PBXGroup;
			children = (
				B6591D36261A548700A7D3F0 /* XLaunches */,
				B6591D4D261A548A00A7D3F0 /* XLaunchesTests */,
				B6591D58261A548A00A7D3F0 /* XLaunchesUITests */,
				B6591D35261A548700A7D3F0 /* Products */,
				336D52B0FED3D6A0661D50E3 /* Pods */,
				9887436A5B2F3ACA6AB25E45 /* Frameworks */,
			);
			sourceTree = "<group>";
		};
		B6591D35261A548700A7D3F0 /* Products */ = {
			isa = PBXGroup;
			children = (
				B6591D34261A548700A7D3F0 /* XLaunches.app */,
				B6591D4A261A548A00A7D3F0 /* XLaunchesTests.xctest */,
				B6591D55261A548A00A7D3F0 /* XLaunchesUITests.xctest */,
			);
			name = Products;
			sourceTree = "<group>";
		};
		B6591D36261A548700A7D3F0 /* XLaunches */ = {
			isa = PBXGroup;
			children = (
				B6591D79261A576F00A7D3F0 /* Extensions */,
				B6591D78261A576800A7D3F0 /* Files */,
				B6591D77261A575D00A7D3F0 /* Services */,
				B6591D76261A575400A7D3F0 /* Views */,
				B6591D75261A574400A7D3F0 /* ViewModels */,
				B6591D74261A573600A7D3F0 /* Models */,
				B6591D73261A573000A7D3F0 /* App */,
			);
			path = XLaunches;
			sourceTree = "<group>";
		};
		B6591D4D261A548A00A7D3F0 /* XLaunchesTests */ = {
			isa = PBXGroup;
			children = (
				B6591D4E261A548A00A7D3F0 /* XLaunchesTests.swift */,
				B6591D50261A548A00A7D3F0 /* Info.plist */,
			);
			path = XLaunchesTests;
			sourceTree = "<group>";
		};
		B6591D58261A548A00A7D3F0 /* XLaunchesUITests */ = {
			isa = PBXGroup;
			children = (
				B6591D59261A548A00A7D3F0 /* XLaunchesUITests.swift */,
				B6591D5B261A548A00A7D3F0 /* Info.plist */,
			);
			path = XLaunchesUITests;
			sourceTree = "<group>";
		};
		B6591D73261A573000A7D3F0 /* App */ = {
			isa = PBXGroup;
			children = (
				B6591D37261A548700A7D3F0 /* AppDelegate.swift */,
				B6591D39261A548700A7D3F0 /* SceneDelegate.swift */,
			);
			path = App;
			sourceTree = "<group>";
		};
		B6591D74261A573600A7D3F0 /* Models */ = {
			isa = PBXGroup;
			children = (
				B6591D8E261A5D2900A7D3F0 /* LaunchModel.swift */,
				B6591D93261A5D4A00A7D3F0 /* RocketModel.swift */,
			);
			path = Models;
			sourceTree = "<group>";
		};
		B6591D75261A574400A7D3F0 /* ViewModels */ = {
			isa = PBXGroup;
			children = (
				B6591D98261A5D9900A7D3F0 /* LaunchViewModel.swift */,
				B6591DAB261A61CF00A7D3F0 /* LaunchesTableViewModel.swift */,
				B6591DB5261A67DA00A7D3F0 /* RocketViewModel.swift */,
			);
			path = ViewModels;
			sourceTree = "<group>";
		};
		B6591D76261A575400A7D3F0 /* Views */ = {
			isa = PBXGroup;
			children = (
				B6591D9D261A5DB800A7D3F0 /* Cells */,
				B6591D3B261A548700A7D3F0 /* LaunchesViewController.swift */,
				B6591D3D261A548700A7D3F0 /* Main.storyboard */,
				B6591DB0261A632900A7D3F0 /* RocketViewController.swift */,
			);
			path = Views;
			sourceTree = "<group>";
		};
		B6591D77261A575D00A7D3F0 /* Services */ = {
			isa = PBXGroup;
			children = (
				B6591DA6261A5FC400A7D3F0 /* LaunchService.swift */,
				B6591DBA261A681500A7D3F0 /* RocketService.swift */,
			);
			path = Services;
			sourceTree = "<group>";
		};
		B6591D78261A576800A7D3F0 /* Files */ = {
			isa = PBXGroup;
			children = (
				B6591D40261A548900A7D3F0 /* Assets.xcassets */,
				B6591D42261A548900A7D3F0 /* LaunchScreen.storyboard */,
				B6591D45261A548900A7D3F0 /* Info.plist */,
			);
			path = Files;
			sourceTree = "<group>";
		};
		B6591D79261A576F00A7D3F0 /* Extensions */ = {
			isa = PBXGroup;
			children = (
				B6591DA1261A5EC700A7D3F0 /* UIImageView+Extension.swift */,
				B6591DBF261A685200A7D3F0 /* Observable+Extension.swift */,
				B6591DC4261A6BE900A7D3F0 /* String+Extension.swift */,
				B6591DC9261A70C300A7D3F0 /* Date+Extension.swift */,
			);
			path = Extensions;
			sourceTree = "<group>";
		};
		B6591D9D261A5DB800A7D3F0 /* Cells */ = {
			isa = PBXGroup;
			children = (
				B6591D89261A5C3E00A7D3F0 /* LaunchesTableViewCell.swift */,
			);
			path = Cells;
			sourceTree = "<group>";
		};
/* End PBXGroup section */

/* Begin PBXNativeTarget section */
		B6591D33261A548700A7D3F0 /* XLaunches */ = {
			isa = PBXNativeTarget;
			buildConfigurationList = B6591D5E261A548A00A7D3F0 /* Build configuration list for PBXNativeTarget "XLaunches" */;
			buildPhases = (
				11E3014FB44FC6D3493265FA /* [CP] Check Pods Manifest.lock */,
				B6591D30261A548700A7D3F0 /* Sources */,
				B6591D31261A548700A7D3F0 /* Frameworks */,
				B6591D32261A548700A7D3F0 /* Resources */,
				A5BF8881F04BFEE1B81DD52E /* [CP] Embed Pods Frameworks */,
			);
			buildRules = (
			);
			dependencies = (
			);
			name = XLaunches;
			productName = XLaunches;
			productReference = B6591D34261A548700A7D3F0 /* XLaunches.app */;
			productType = "com.apple.product-type.application";
		};
		B6591D49261A548A00A7D3F0 /* XLaunchesTests */ = {
			isa = PBXNativeTarget;
			buildConfigurationList = B6591D61261A548A00A7D3F0 /* Build configuration list for PBXNativeTarget "XLaunchesTests" */;
			buildPhases = (
				027C5CDF281095DA9B65F7CC /* [CP] Check Pods Manifest.lock */,
				B6591D46261A548A00A7D3F0 /* Sources */,
				B6591D47261A548A00A7D3F0 /* Frameworks */,
				B6591D48261A548A00A7D3F0 /* Resources */,
			);
			buildRules = (
			);
			dependencies = (
				B6591D4C261A548A00A7D3F0 /* PBXTargetDependency */,
			);
			name = XLaunchesTests;
			productName = XLaunchesTests;
			productReference = B6591D4A261A548A00A7D3F0 /* XLaunchesTests.xctest */;
			productType = "com.apple.product-type.bundle.unit-test";
		};
		B6591D54261A548A00A7D3F0 /* XLaunchesUITests */ = {
			isa = PBXNativeTarget;
			buildConfigurationList = B6591D64261A548A00A7D3F0 /* Build configuration list for PBXNativeTarget "XLaunchesUITests" */;
			buildPhases = (
				290BB060B9D860ED2A086732 /* [CP] Check Pods Manifest.lock */,
				B6591D51261A548A00A7D3F0 /* Sources */,
				B6591D52261A548A00A7D3F0 /* Frameworks */,
				B6591D53261A548A00A7D3F0 /* Resources */,
				1156C10E9F8E85D433EBE895 /* [CP] Embed Pods Frameworks */,
			);
			buildRules = (
			);
			dependencies = (
				B6591D57261A548A00A7D3F0 /* PBXTargetDependency */,
			);
			name = XLaunchesUITests;
			productName = XLaunchesUITests;
			productReference = B6591D55261A548A00A7D3F0 /* XLaunchesUITests.xctest */;
			productType = "com.apple.product-type.bundle.ui-testing";
		};
/* End PBXNativeTarget section */

/* Begin PBXProject section */
		B6591D2C261A548700A7D3F0 /* Project object */ = {
			isa = PBXProject;
			attributes = {
				LastSwiftUpdateCheck = 1240;
				LastUpgradeCheck = 1240;
				TargetAttributes = {
					B6591D33261A548700A7D3F0 = {
						CreatedOnToolsVersion = 12.4;
					};
					B6591D49261A548A00A7D3F0 = {
						CreatedOnToolsVersion = 12.4;
						TestTargetID = B6591D33261A548700A7D3F0;
					};
					B6591D54261A548A00A7D3F0 = {
						CreatedOnToolsVersion = 12.4;
						TestTargetID = B6591D33261A548700A7D3F0;
					};
				};
			};
			buildConfigurationList = B6591D2F261A548700A7D3F0 /* Build configuration list for PBXProject "XLaunches" */;
			compatibilityVersion = "Xcode 9.3";
			developmentRegion = en;
			hasScannedForEncodings = 0;
			knownRegions = (
				en,
				Base,
			);
			mainGroup = B6591D2B261A548700A7D3F0;
			productRefGroup = B6591D35261A548700A7D3F0 /* Products */;
			projectDirPath = "";
			projectRoot = "";
			targets = (
				B6591D33261A548700A7D3F0 /* XLaunches */,
				B6591D49261A548A00A7D3F0 /* XLaunchesTests */,
				B6591D54261A548A00A7D3F0 /* XLaunchesUITests */,
			);
		};
/* End PBXProject section */

/* Begin PBXResourcesBuildPhase section */
		B6591D32261A548700A7D3F0 /* Resources */ = {
			isa = PBXResourcesBuildPhase;
			buildActionMask = 2147483647;
			files = (
				B6591D44261A548900A7D3F0 /* LaunchScreen.storyboard in Resources */,
				B6591D41261A548900A7D3F0 /* Assets.xcassets in Resources */,
				B6591D3F261A548700A7D3F0 /* Main.storyboard in Resources */,
			);
			runOnlyForDeploymentPostprocessing = 0;
		};
		B6591D48261A548A00A7D3F0 /* Resources */ = {
			isa = PBXResourcesBuildPhase;
			buildActionMask = 2147483647;
			files = (
			);
			runOnlyForDeploymentPostprocessing = 0;
		};
		B6591D53261A548A00A7D3F0 /* Resources */ = {
			isa = PBXResourcesBuildPhase;
			buildActionMask = 2147483647;
			files = (
			);
			runOnlyForDeploymentPostprocessing = 0;
		};
/* End PBXResourcesBuildPhase section */

/* Begin PBXShellScriptBuildPhase section */
		027C5CDF281095DA9B65F7CC /* [CP] Check Pods Manifest.lock */ = {
			isa = PBXShellScriptBuildPhase;
			buildActionMask = 2147483647;
			files = (
			);
			inputFileListPaths = (
			);
			inputPaths = (
				"${PODS_PODFILE_DIR_PATH}/Podfile.lock",
				"${PODS_ROOT}/Manifest.lock",
			);
			name = "[CP] Check Pods Manifest.lock";
			outputFileListPaths = (
			);
			outputPaths = (
				"$(DERIVED_FILE_DIR)/Pods-XLaunchesTests-checkManifestLockResult.txt",
			);
			runOnlyForDeploymentPostprocessing = 0;
			shellPath = /bin/sh;
			shellScript = "diff \"${PODS_PODFILE_DIR_PATH}/Podfile.lock\" \"${PODS_ROOT}/Manifest.lock\" > /dev/null\nif [ $? != 0 ] ; then\n    # print error to STDERR\n    echo \"error: The sandbox is not in sync with the Podfile.lock. Run 'pod install' or update your CocoaPods installation.\" >&2\n    exit 1\nfi\n# This output is used by Xcode 'outputs' to avoid re-running this script phase.\necho \"SUCCESS\" > \"${SCRIPT_OUTPUT_FILE_0}\"\n";
			showEnvVarsInLog = 0;
		};
		1156C10E9F8E85D433EBE895 /* [CP] Embed Pods Frameworks */ = {
			isa = PBXShellScriptBuildPhase;
			buildActionMask = 2147483647;
			files = (
			);
			inputFileListPaths = (
				"${PODS_ROOT}/Target Support Files/Pods-XLaunches-XLaunchesUITests/Pods-XLaunches-XLaunchesUITests-frameworks-${CONFIGURATION}-input-files.xcfilelist",
			);
			name = "[CP] Embed Pods Frameworks";
			outputFileListPaths = (
				"${PODS_ROOT}/Target Support Files/Pods-XLaunches-XLaunchesUITests/Pods-XLaunches-XLaunchesUITests-frameworks-${CONFIGURATION}-output-files.xcfilelist",
			);
			runOnlyForDeploymentPostprocessing = 0;
			shellPath = /bin/sh;
			shellScript = "\"${PODS_ROOT}/Target Support Files/Pods-XLaunches-XLaunchesUITests/Pods-XLaunches-XLaunchesUITests-frameworks.sh\"\n";
			showEnvVarsInLog = 0;
		};
		11E3014FB44FC6D3493265FA /* [CP] Check Pods Manifest.lock */ = {
			isa = PBXShellScriptBuildPhase;
			buildActionMask = 2147483647;
			files = (
			);
			inputFileListPaths = (
			);
			inputPaths = (
				"${PODS_PODFILE_DIR_PATH}/Podfile.lock",
				"${PODS_ROOT}/Manifest.lock",
			);
			name = "[CP] Check Pods Manifest.lock";
			outputFileListPaths = (
			);
			outputPaths = (
				"$(DERIVED_FILE_DIR)/Pods-XLaunches-checkManifestLockResult.txt",
			);
			runOnlyForDeploymentPostprocessing = 0;
			shellPath = /bin/sh;
			shellScript = "diff \"${PODS_PODFILE_DIR_PATH}/Podfile.lock\" \"${PODS_ROOT}/Manifest.lock\" > /dev/null\nif [ $? != 0 ] ; then\n    # print error to STDERR\n    echo \"error: The sandbox is not in sync with the Podfile.lock. Run 'pod install' or update your CocoaPods installation.\" >&2\n    exit 1\nfi\n# This output is used by Xcode 'outputs' to avoid re-running this script phase.\necho \"SUCCESS\" > \"${SCRIPT_OUTPUT_FILE_0}\"\n";
			showEnvVarsInLog = 0;
		};
		290BB060B9D860ED2A086732 /* [CP] Check Pods Manifest.lock */ = {
			isa = PBXShellScriptBuildPhase;
			buildActionMask = 2147483647;
			files = (
			);
			inputFileListPaths = (
			);
			inputPaths = (
				"${PODS_PODFILE_DIR_PATH}/Podfile.lock",
				"${PODS_ROOT}/Manifest.lock",
			);
			name = "[CP] Check Pods Manifest.lock";
			outputFileListPaths = (
			);
			outputPaths = (
				"$(DERIVED_FILE_DIR)/Pods-XLaunches-XLaunchesUITests-checkManifestLockResult.txt",
			);
			runOnlyForDeploymentPostprocessing = 0;
			shellPath = /bin/sh;
			shellScript = "diff \"${PODS_PODFILE_DIR_PATH}/Podfile.lock\" \"${PODS_ROOT}/Manifest.lock\" > /dev/null\nif [ $? != 0 ] ; then\n    # print error to STDERR\n    echo \"error: The sandbox is not in sync with the Podfile.lock. Run 'pod install' or update your CocoaPods installation.\" >&2\n    exit 1\nfi\n# This output is used by Xcode 'outputs' to avoid re-running this script phase.\necho \"SUCCESS\" > \"${SCRIPT_OUTPUT_FILE_0}\"\n";
			showEnvVarsInLog = 0;
		};
		A5BF8881F04BFEE1B81DD52E /* [CP] Embed Pods Frameworks */ = {
			isa = PBXShellScriptBuildPhase;
			buildActionMask = 2147483647;
			files = (
			);
			inputFileListPaths = (
				"${PODS_ROOT}/Target Support Files/Pods-XLaunches/Pods-XLaunches-frameworks-${CONFIGURATION}-input-files.xcfilelist",
			);
			name = "[CP] Embed Pods Frameworks";
			outputFileListPaths = (
				"${PODS_ROOT}/Target Support Files/Pods-XLaunches/Pods-XLaunches-frameworks-${CONFIGURATION}-output-files.xcfilelist",
			);
			runOnlyForDeploymentPostprocessing = 0;
			shellPath = /bin/sh;
			shellScript = "\"${PODS_ROOT}/Target Support Files/Pods-XLaunches/Pods-XLaunches-frameworks.sh\"\n";
			showEnvVarsInLog = 0;
		};
/* End PBXShellScriptBuildPhase section */

/* Begin PBXSourcesBuildPhase section */
		B6591D30261A548700A7D3F0 /* Sources */ = {
			isa = PBXSourcesBuildPhase;
			buildActionMask = 2147483647;
			files = (
				B6591D8A261A5C3E00A7D3F0 /* LaunchesTableViewCell.swift in Sources */,
				B6591D3C261A548700A7D3F0 /* LaunchesViewController.swift in Sources */,
				B6591D99261A5D9900A7D3F0 /* LaunchViewModel.swift in Sources */,
				B6591D38261A548700A7D3F0 /* AppDelegate.swift in Sources */,
				B6591DB6261A67DA00A7D3F0 /* RocketViewModel.swift in Sources */,
				B6591DCA261A70C300A7D3F0 /* Date+Extension.swift in Sources */,
				B6591DAC261A61CF00A7D3F0 /* LaunchesTableViewModel.swift in Sources */,
				B6591D94261A5D4A00A7D3F0 /* RocketModel.swift in Sources */,
				B6591D3A261A548700A7D3F0 /* SceneDelegate.swift in Sources */,
				B6591DB1261A632900A7D3F0 /* RocketViewController.swift in Sources */,
				B6591DBB261A681500A7D3F0 /* RocketService.swift in Sources */,
				B6591DA2261A5EC700A7D3F0 /* UIImageView+Extension.swift in Sources */,
				B6591D8F261A5D2900A7D3F0 /* LaunchModel.swift in Sources */,
				B6591DC0261A685200A7D3F0 /* Observable+Extension.swift in Sources */,
				B6591DC5261A6BE900A7D3F0 /* String+Extension.swift in Sources */,
				B6591DA7261A5FC400A7D3F0 /* LaunchService.swift in Sources */,
			);
			runOnlyForDeploymentPostprocessing = 0;
		};
		B6591D46261A548A00A7D3F0 /* Sources */ = {
			isa = PBXSourcesBuildPhase;
			buildActionMask = 2147483647;
			files = (
				B6591D4F261A548A00A7D3F0 /* XLaunchesTests.swift in Sources */,
			);
			runOnlyForDeploymentPostprocessing = 0;
		};
		B6591D51261A548A00A7D3F0 /* Sources */ = {
			isa = PBXSourcesBuildPhase;
			buildActionMask = 2147483647;
			files = (
				B6591D5A261A548A00A7D3F0 /* XLaunchesUITests.swift in Sources */,
			);
			runOnlyForDeploymentPostprocessing = 0;
		};
/* End PBXSourcesBuildPhase section */

/* Begin PBXTargetDependency section */
		B6591D4C261A548A00A7D3F0 /* PBXTargetDependency */ = {
			isa = PBXTargetDependency;
			target = B6591D33261A548700A7D3F0 /* XLaunches */;
			targetProxy = B6591D4B261A548A00A7D3F0 /* PBXContainerItemProxy */;
		};
		B6591D57261A548A00A7D3F0 /* PBXTargetDependency */ = {
			isa = PBXTargetDependency;
			target = B6591D33261A548700A7D3F0 /* XLaunches */;
			targetProxy = B6591D56261A548A00A7D3F0 /* PBXContainerItemProxy */;
		};
/* End PBXTargetDependency section */

/* Begin PBXVariantGroup section */
		B6591D3D261A548700A7D3F0 /* Main.storyboard */ = {
			isa = PBXVariantGroup;
			children = (
				B6591D3E261A548700A7D3F0 /* Base */,
			);
			name = Main.storyboard;
			sourceTree = "<group>";
		};
		B6591D42261A548900A7D3F0 /* LaunchScreen.storyboard */ = {
			isa = PBXVariantGroup;
			children = (
				B6591D43261A548900A7D3F0 /* Base */,
			);
			name = LaunchScreen.storyboard;
			sourceTree = "<group>";
		};
/* End PBXVariantGroup section */

/* Begin XCBuildConfiguration section */
		B6591D5C261A548A00A7D3F0 /* Debug */ = {
			isa = XCBuildConfiguration;
			buildSettings = {
				ALWAYS_SEARCH_USER_PATHS = NO;
				CLANG_ANALYZER_NONNULL = YES;
				CLANG_ANALYZER_NUMBER_OBJECT_CONVERSION = YES_AGGRESSIVE;
				CLANG_CXX_LANGUAGE_STANDARD = "gnu++14";
				CLANG_CXX_LIBRARY = "libc++";
				CLANG_ENABLE_MODULES = YES;
				CLANG_ENABLE_OBJC_ARC = YES;
				CLANG_ENABLE_OBJC_WEAK = YES;
				CLANG_WARN_BLOCK_CAPTURE_AUTORELEASING = YES;
				CLANG_WARN_BOOL_CONVERSION = YES;
				CLANG_WARN_COMMA = YES;
				CLANG_WARN_CONSTANT_CONVERSION = YES;
				CLANG_WARN_DEPRECATED_OBJC_IMPLEMENTATIONS = YES;
				CLANG_WARN_DIRECT_OBJC_ISA_USAGE = YES_ERROR;
				CLANG_WARN_DOCUMENTATION_COMMENTS = YES;
				CLANG_WARN_EMPTY_BODY = YES;
				CLANG_WARN_ENUM_CONVERSION = YES;
				CLANG_WARN_INFINITE_RECURSION = YES;
				CLANG_WARN_INT_CONVERSION = YES;
				CLANG_WARN_NON_LITERAL_NULL_CONVERSION = YES;
				CLANG_WARN_OBJC_IMPLICIT_RETAIN_SELF = YES;
				CLANG_WARN_OBJC_LITERAL_CONVERSION = YES;
				CLANG_WARN_OBJC_ROOT_CLASS = YES_ERROR;
				CLANG_WARN_QUOTED_INCLUDE_IN_FRAMEWORK_HEADER = YES;
				CLANG_WARN_RANGE_LOOP_ANALYSIS = YES;
				CLANG_WARN_STRICT_PROTOTYPES = YES;
				CLANG_WARN_SUSPICIOUS_MOVE = YES;
				CLANG_WARN_UNGUARDED_AVAILABILITY = YES_AGGRESSIVE;
				CLANG_WARN_UNREACHABLE_CODE = YES;
				CLANG_WARN__DUPLICATE_METHOD_MATCH = YES;
				COPY_PHASE_STRIP = NO;
				DEBUG_INFORMATION_FORMAT = dwarf;
				ENABLE_STRICT_OBJC_MSGSEND = YES;
				ENABLE_TESTABILITY = YES;
				GCC_C_LANGUAGE_STANDARD = gnu11;
				GCC_DYNAMIC_NO_PIC = NO;
				GCC_NO_COMMON_BLOCKS = YES;
				GCC_OPTIMIZATION_LEVEL = 0;
				GCC_PREPROCESSOR_DEFINITIONS = (
					"DEBUG=1",
					"$(inherited)",
				);
				GCC_WARN_64_TO_32_BIT_CONVERSION = YES;
				GCC_WARN_ABOUT_RETURN_TYPE = YES_ERROR;
				GCC_WARN_UNDECLARED_SELECTOR = YES;
				GCC_WARN_UNINITIALIZED_AUTOS = YES_AGGRESSIVE;
				GCC_WARN_UNUSED_FUNCTION = YES;
				GCC_WARN_UNUSED_VARIABLE = YES;
				IPHONEOS_DEPLOYMENT_TARGET = 14.4;
				MTL_ENABLE_DEBUG_INFO = INCLUDE_SOURCE;
				MTL_FAST_MATH = YES;
				ONLY_ACTIVE_ARCH = YES;
				SDKROOT = iphoneos;
				SWIFT_ACTIVE_COMPILATION_CONDITIONS = DEBUG;
				SWIFT_OPTIMIZATION_LEVEL = "-Onone";
			};
			name = Debug;
		};
		B6591D5D261A548A00A7D3F0 /* Release */ = {
			isa = XCBuildConfiguration;
			buildSettings = {
				ALWAYS_SEARCH_USER_PATHS = NO;
				CLANG_ANALYZER_NONNULL = YES;
				CLANG_ANALYZER_NUMBER_OBJECT_CONVERSION = YES_AGGRESSIVE;
				CLANG_CXX_LANGUAGE_STANDARD = "gnu++14";
				CLANG_CXX_LIBRARY = "libc++";
				CLANG_ENABLE_MODULES = YES;
				CLANG_ENABLE_OBJC_ARC = YES;
				CLANG_ENABLE_OBJC_WEAK = YES;
				CLANG_WARN_BLOCK_CAPTURE_AUTORELEASING = YES;
				CLANG_WARN_BOOL_CONVERSION = YES;
				CLANG_WARN_COMMA = YES;
				CLANG_WARN_CONSTANT_CONVERSION = YES;
				CLANG_WARN_DEPRECATED_OBJC_IMPLEMENTATIONS = YES;
				CLANG_WARN_DIRECT_OBJC_ISA_USAGE = YES_ERROR;
				CLANG_WARN_DOCUMENTATION_COMMENTS = YES;
				CLANG_WARN_EMPTY_BODY = YES;
				CLANG_WARN_ENUM_CONVERSION = YES;
				CLANG_WARN_INFINITE_RECURSION = YES;
				CLANG_WARN_INT_CONVERSION = YES;
				CLANG_WARN_NON_LITERAL_NULL_CONVERSION = YES;
				CLANG_WARN_OBJC_IMPLICIT_RETAIN_SELF = YES;
				CLANG_WARN_OBJC_LITERAL_CONVERSION = YES;
				CLANG_WARN_OBJC_ROOT_CLASS = YES_ERROR;
				CLANG_WARN_QUOTED_INCLUDE_IN_FRAMEWORK_HEADER = YES;
				CLANG_WARN_RANGE_LOOP_ANALYSIS = YES;
				CLANG_WARN_STRICT_PROTOTYPES = YES;
				CLANG_WARN_SUSPICIOUS_MOVE = YES;
				CLANG_WARN_UNGUARDED_AVAILABILITY = YES_AGGRESSIVE;
				CLANG_WARN_UNREACHABLE_CODE = YES;
				CLANG_WARN__DUPLICATE_METHOD_MATCH = YES;
				COPY_PHASE_STRIP = NO;
				DEBUG_INFORMATION_FORMAT = "dwarf-with-dsym";
				ENABLE_NS_ASSERTIONS = NO;
				ENABLE_STRICT_OBJC_MSGSEND = YES;
				GCC_C_LANGUAGE_STANDARD = gnu11;
				GCC_NO_COMMON_BLOCKS = YES;
				GCC_WARN_64_TO_32_BIT_CONVERSION = YES;
				GCC_WARN_ABOUT_RETURN_TYPE = YES_ERROR;
				GCC_WARN_UNDECLARED_SELECTOR = YES;
				GCC_WARN_UNINITIALIZED_AUTOS = YES_AGGRESSIVE;
				GCC_WARN_UNUSED_FUNCTION = YES;
				GCC_WARN_UNUSED_VARIABLE = YES;
				IPHONEOS_DEPLOYMENT_TARGET = 14.4;
				MTL_ENABLE_DEBUG_INFO = NO;
				MTL_FAST_MATH = YES;
				SDKROOT = iphoneos;
				SWIFT_COMPILATION_MODE = wholemodule;
				SWIFT_OPTIMIZATION_LEVEL = "-O";
				VALIDATE_PRODUCT = YES;
			};
			name = Release;
		};
		B6591D5F261A548A00A7D3F0 /* Debug */ = {
			isa = XCBuildConfiguration;
			baseConfigurationReference = F0E0ACECA2B95EED79573104 /* Pods-XLaunches.debug.xcconfig */;
			buildSettings = {
				ASSETCATALOG_COMPILER_APPICON_NAME = AppIcon;
				ASSETCATALOG_COMPILER_GLOBAL_ACCENT_COLOR_NAME = AccentColor;
				CODE_SIGN_STYLE = Automatic;
				DEVELOPMENT_TEAM = M74ZCP24NH;
				INFOPLIST_FILE = XLaunches/Files/Info.plist;
				LD_RUNPATH_SEARCH_PATHS = (
					"$(inherited)",
					"@executable_path/Frameworks",
				);
				PRODUCT_BUNDLE_IDENTIFIER = com.muna.XLaunches;
				PRODUCT_NAME = "$(TARGET_NAME)";
				SWIFT_VERSION = 5.0;
				TARGETED_DEVICE_FAMILY = "1,2";
			};
			name = Debug;
		};
		B6591D60261A548A00A7D3F0 /* Release */ = {
			isa = XCBuildConfiguration;
			baseConfigurationReference = 9730DDE7D42EB31458CF7A1A /* Pods-XLaunches.release.xcconfig */;
			buildSettings = {
				ASSETCATALOG_COMPILER_APPICON_NAME = AppIcon;
				ASSETCATALOG_COMPILER_GLOBAL_ACCENT_COLOR_NAME = AccentColor;
				CODE_SIGN_STYLE = Automatic;
				DEVELOPMENT_TEAM = M74ZCP24NH;
				INFOPLIST_FILE = XLaunches/Files/Info.plist;
				LD_RUNPATH_SEARCH_PATHS = (
					"$(inherited)",
					"@executable_path/Frameworks",
				);
				PRODUCT_BUNDLE_IDENTIFIER = com.muna.XLaunches;
				PRODUCT_NAME = "$(TARGET_NAME)";
				SWIFT_VERSION = 5.0;
				TARGETED_DEVICE_FAMILY = "1,2";
			};
			name = Release;
		};
		B6591D62261A548A00A7D3F0 /* Debug */ = {
			isa = XCBuildConfiguration;
			baseConfigurationReference = A54D71FE7DFD4A2A427285CA /* Pods-XLaunchesTests.debug.xcconfig */;
			buildSettings = {
				ALWAYS_EMBED_SWIFT_STANDARD_LIBRARIES = YES;
				BUNDLE_LOADER = "$(TEST_HOST)";
				CODE_SIGN_STYLE = Automatic;
				DEVELOPMENT_TEAM = M74ZCP24NH;
				INFOPLIST_FILE = XLaunchesTests/Info.plist;
				IPHONEOS_DEPLOYMENT_TARGET = 14.4;
				LD_RUNPATH_SEARCH_PATHS = (
					"$(inherited)",
					"@executable_path/Frameworks",
					"@loader_path/Frameworks",
				);
				PRODUCT_BUNDLE_IDENTIFIER = com.muna.XLaunchesTests;
				PRODUCT_NAME = "$(TARGET_NAME)";
				SWIFT_VERSION = 5.0;
				TARGETED_DEVICE_FAMILY = "1,2";
				TEST_HOST = "$(BUILT_PRODUCTS_DIR)/XLaunches.app/XLaunches";
			};
			name = Debug;
		};
		B6591D63261A548A00A7D3F0 /* Release */ = {
			isa = XCBuildConfiguration;
			baseConfigurationReference = A226F3ECE151BDD07DBD122C /* Pods-XLaunchesTests.release.xcconfig */;
			buildSettings = {
				ALWAYS_EMBED_SWIFT_STANDARD_LIBRARIES = YES;
				BUNDLE_LOADER = "$(TEST_HOST)";
				CODE_SIGN_STYLE = Automatic;
				DEVELOPMENT_TEAM = M74ZCP24NH;
				INFOPLIST_FILE = XLaunchesTests/Info.plist;
				IPHONEOS_DEPLOYMENT_TARGET = 14.4;
				LD_RUNPATH_SEARCH_PATHS = (
					"$(inherited)",
					"@executable_path/Frameworks",
					"@loader_path/Frameworks",
				);
				PRODUCT_BUNDLE_IDENTIFIER = com.muna.XLaunchesTests;
				PRODUCT_NAME = "$(TARGET_NAME)";
				SWIFT_VERSION = 5.0;
				TARGETED_DEVICE_FAMILY = "1,2";
				TEST_HOST = "$(BUILT_PRODUCTS_DIR)/XLaunches.app/XLaunches";
			};
			name = Release;
		};
		B6591D65261A548A00A7D3F0 /* Debug */ = {
			isa = XCBuildConfiguration;
			baseConfigurationReference = 5D3A2B624F15B57FE8BAC555 /* Pods-XLaunches-XLaunchesUITests.debug.xcconfig */;
			buildSettings = {
				ALWAYS_EMBED_SWIFT_STANDARD_LIBRARIES = YES;
				CODE_SIGN_STYLE = Automatic;
				DEVELOPMENT_TEAM = M74ZCP24NH;
				INFOPLIST_FILE = XLaunchesUITests/Info.plist;
				LD_RUNPATH_SEARCH_PATHS = (
					"$(inherited)",
					"@executable_path/Frameworks",
					"@loader_path/Frameworks",
				);
				PRODUCT_BUNDLE_IDENTIFIER = com.muna.XLaunchesUITests;
				PRODUCT_NAME = "$(TARGET_NAME)";
				SWIFT_VERSION = 5.0;
				TARGETED_DEVICE_FAMILY = "1,2";
				TEST_TARGET_NAME = XLaunches;
			};
			name = Debug;
		};
		B6591D66261A548A00A7D3F0 /* Release */ = {
			isa = XCBuildConfiguration;
			baseConfigurationReference = 23F6EF20E63DDC55E7494282 /* Pods-XLaunches-XLaunchesUITests.release.xcconfig */;
			buildSettings = {
				ALWAYS_EMBED_SWIFT_STANDARD_LIBRARIES = YES;
				CODE_SIGN_STYLE = Automatic;
				DEVELOPMENT_TEAM = M74ZCP24NH;
				INFOPLIST_FILE = XLaunchesUITests/Info.plist;
				LD_RUNPATH_SEARCH_PATHS = (
					"$(inherited)",
					"@executable_path/Frameworks",
					"@loader_path/Frameworks",
				);
				PRODUCT_BUNDLE_IDENTIFIER = com.muna.XLaunchesUITests;
				PRODUCT_NAME = "$(TARGET_NAME)";
				SWIFT_VERSION = 5.0;
				TARGETED_DEVICE_FAMILY = "1,2";
				TEST_TARGET_NAME = XLaunches;
			};
			name = Release;
		};
/* End XCBuildConfiguration section */

/* Begin XCConfigurationList section */
		B6591D2F261A548700A7D3F0 /* Build configuration list for PBXProject "XLaunches" */ = {
			isa = XCConfigurationList;
			buildConfigurations = (
				B6591D5C261A548A00A7D3F0 /* Debug */,
				B6591D5D261A548A00A7D3F0 /* Release */,
			);
			defaultConfigurationIsVisible = 0;
			defaultConfigurationName = Release;
		};
		B6591D5E261A548A00A7D3F0 /* Build configuration list for PBXNativeTarget "XLaunches" */ = {
			isa = XCConfigurationList;
			buildConfigurations = (
				B6591D5F261A548A00A7D3F0 /* Debug */,
				B6591D60261A548A00A7D3F0 /* Release */,
			);
			defaultConfigurationIsVisible = 0;
			defaultConfigurationName = Release;
		};
		B6591D61261A548A00A7D3F0 /* Build configuration list for PBXNativeTarget "XLaunchesTests" */ = {
			isa = XCConfigurationList;
			buildConfigurations = (
				B6591D62261A548A00A7D3F0 /* Debug */,
				B6591D63261A548A00A7D3F0 /* Release */,
			);
			defaultConfigurationIsVisible = 0;
			defaultConfigurationName = Release;
		};
		B6591D64261A548A00A7D3F0 /* Build configuration list for PBXNativeTarget "XLaunchesUITests" */ = {
			isa = XCConfigurationList;
			buildConfigurations = (
				B6591D65261A548A00A7D3F0 /* Debug */,
				B6591D66261A548A00A7D3F0 /* Release */,
			);
			defaultConfigurationIsVisible = 0;
			defaultConfigurationName = Release;
		};
/* End XCConfigurationList section */
	};
	rootObject = B6591D2C261A548700A7D3F0 /* Project object */;
}
